PODS:
  - Braintree (4.0.1):
    - Braintree/Card (= 4.0.1)
    - Braintree/Core (= 4.0.1)
    - Braintree/PayPal (= 4.0.1)
    - Braintree/UI (= 4.0.1)
  - Braintree/Apple-Pay (4.0.1):
    - Braintree/Core
  - Braintree/Card (4.0.1):
    - Braintree/Core
  - Braintree/Core (4.0.1)
  - Braintree/PayPal (4.0.1):
    - Braintree/Core
  - Braintree/UI (4.0.1):
    - Braintree/Card
    - Braintree/Core
  - PaymentKit (1.0.5)
  - Stripe (1.1.4):
    - PaymentKit (~> 1.0.4)

DEPENDENCIES:
  - Braintree (~> 4.0)
  - Braintree/Apple-Pay
  - Stripe

SPEC CHECKSUMS:
  Braintree: fa4982b359cc831e7d7e8e5587b6fef343648d79
  PaymentKit: 1348e9bf1643830a2dcf6ec0e20046f39d1c115d
  Stripe: de02b8afcbb1447c699acfc31fc91bea423f404a

COCOAPODS: 0.39.0
